
Microsoft Visual Studio Solution File, Format Version 12.00
# Visual Studio Version 17
VisualStudioVersion = 17.8.34330.188
MinimumVisualStudioVersion = 10.0.40219.1
Project("{FAE04EC0-301F-11D3-BF4B-00C04F79EFBC}") = "TextGame_SpartaDungeon", "TextGame_SpartaDungeon\TextGame_SpartaDungeon.csproj", "{DB529FC5-FE9F-4DC8-A2CD-685F7D5A0051}"
EndProject
Global
	GlobalSection(SolutionConfigurationPlatforms) = preSolution
		Debug|Any CPU = Debug|Any CPU
		Release|Any CPU = Release|Any CPU
	EndGlobalSection
	GlobalSection(ProjectConfigurationPlatforms) = postSolution
		{DB529FC5-FE9F-4DC8-A2CD-685F7D5A0051}.Debug|Any CPU.ActiveCfg = Debug|Any CPU
		{DB529FC5-FE9F-4DC8-A2CD-685F7D5A0051}.Debug|Any CPU.Build.0 = Debug|Any CPU
		{DB529FC5-FE9F-4DC8-A2CD-685F7D5A0051}.Release|Any CPU.ActiveCfg = Release|Any CPU
		{DB529FC5-FE9F-4DC8-A2CD-685F7D5A0051}.Release|Any CPU.Build.0 = Release|Any CPU
	EndGlobalSection
	GlobalSection(SolutionProperties) = preSolution
		HideSolutionNode = FALSE
	EndGlobalSection
	GlobalSection(ExtensibilityGlobals) = postSolution
		SolutionGuid = {E09C3C3E-5DB8-44AC-AEC6-7FC411579152}
	EndGlobalSection
EndGlobal
